
Microsoft Visual Studio Solution File, Format Version 12.00
# Visual Studio Version 16
VisualStudioVersion = 16.0.30523.141
MinimumVisualStudioVersion = 10.0.40219.1
Project("{FAE04EC0-301F-11D3-BF4B-00C04F79EFBC}") = "MyFirstApp", "MyFirstApp.csproj", "{8FEC95A1-4268-40E3-8EC5-1C1C4A0FF08E}"
EndProject
Global
	GlobalSection(SolutionConfigurationPlatforms) = preSolution
		Debug|Any CPU = Debug|Any CPU
		Release|Any CPU = Release|Any CPU
	EndGlobalSection
	GlobalSection(ProjectConfigurationPlatforms) = postSolution
		{8FEC95A1-4268-40E3-8EC5-1C1C4A0FF08E}.Debug|Any CPU.ActiveCfg = Debug|Any CPU
		{8FEC95A1-4268-40E3-8EC5-1C1C4A0FF08E}.Debug|Any CPU.Build.0 = Debug|Any CPU
		{8FEC95A1-4268-40E3-8EC5-1C1C4A0FF08E}.Release|Any CPU.ActiveCfg = Release|Any CPU
		{8FEC95A1-4268-40E3-8EC5-1C1C4A0FF08E}.Release|Any CPU.Build.0 = Release|Any CPU
	EndGlobalSection
	GlobalSection(SolutionProperties) = preSolution
		HideSolutionNode = FALSE
	EndGlobalSection
	GlobalSection(ExtensibilityGlobals) = postSolution
		SolutionGuid = {24C3F305-8FE1-44CC-A830-B7065BDC9F21}
	EndGlobalSection
EndGlobal
